// !$*UTF8*$!
{
	archiveVersion = 1;
	classes = {
	};
	objectVersion = 77;
	objects = {

/* Begin PBXBuildFile section */
		EA0000000000000000000021 /* WiFiCore in Frameworks */ = {isa = PBXBuildFile; productRef = EA0000000000000000000011 /* WiFiCore */; };
		EA0000000000000000000022 /* WiFiModel in Frameworks */ = {isa = PBXBuildFile; productRef = EA0000000000000000000012 /* WiFiModel */; };
		EA0000000000000000000023 /* IEParser in Frameworks */ = {isa = PBXBuildFile; productRef = EA0000000000000000000013 /* IEParser */; };
		EA0000000000000000000024 /* WdutilBridge in Frameworks */ = {isa = PBXBuildFile; productRef = EA0000000000000000000014 /* WdutilBridge */; };
		EA0000000000000000000025 /* OUIResolver in Frameworks */ = {isa = PBXBuildFile; productRef = EA0000000000000000000015 /* OUIResolver */; };
		EA0000000000000000000026 /* Telemetry in Frameworks */ = {isa = PBXBuildFile; productRef = EA0000000000000000000016 /* Telemetry */; };
		EA0000000000000000000040 /* HelperProtocol.swift in Sources */ = {isa = PBXBuildFile; fileRef = EA0000000000000000000046 /* HelperProtocol.swift */; };
		EA0000000000000000000041 /* HelperProtocol.swift in Sources */ = {isa = PBXBuildFile; fileRef = EA0000000000000000000046 /* HelperProtocol.swift */; };
		EA0000000000000000000042 /* main.swift in Sources */ = {isa = PBXBuildFile; fileRef = EA0000000000000000000047 /* main.swift */; };
		EA0000000000000000000043 /* HelperService.swift in Sources */ = {isa = PBXBuildFile; fileRef = EA0000000000000000000048 /* HelperService.swift */; };
		EA0000000000000000000044 /* OncillascopeHelper in CopyFiles */ = {isa = PBXBuildFile; fileRef = EA000000000000000000004A /* OncillascopeHelper */; settings = {ATTRIBUTES = (CodeSignOnCopy, ); }; };
		EA0000000000000000000045 /* edu.davidson.oncillascope.helper.plist in CopyFiles */ = {isa = PBXBuildFile; fileRef = EA0000000000000000000049 /* edu.davidson.oncillascope.helper.plist */; };
/* End PBXBuildFile section */

/* Begin PBXCopyFilesBuildPhase section */
		EA0000000000000000000053 /* Embed Helper Daemon */ = {
			isa = PBXCopyFilesBuildPhase;
			buildActionMask = 2147483647;
			dstPath = "";
			dstSubfolderSpec = 6;
			files = (
				EA0000000000000000000044 /* OncillascopeHelper in CopyFiles */,
			);
			name = "Embed Helper Daemon";
			runOnlyForDeploymentPostprocessing = 0;
		};
		EA0000000000000000000054 /* Embed Launch Daemon plist */ = {
			isa = PBXCopyFilesBuildPhase;
			buildActionMask = 2147483647;
			dstPath = "Contents/Library/LaunchDaemons";
			dstSubfolderSpec = 1;
			files = (
				EA0000000000000000000045 /* edu.davidson.oncillascope.helper.plist in CopyFiles */,
			);
			name = "Embed Launch Daemon plist";
			runOnlyForDeploymentPostprocessing = 0;
		};
/* End PBXCopyFilesBuildPhase section */

/* Begin PBXFileReference section */
		EA0000000000000000000006 /* Oncillascope.app */ = {isa = PBXFileReference; explicitFileType = wrapper.application; includeInIndex = 0; path = Oncillascope.app; sourceTree = BUILT_PRODUCTS_DIR; };
		EA0000000000000000000031 /* Info.plist */ = {isa = PBXFileReference; lastKnownFileType = text.plist.xml; path = Info.plist; sourceTree = "<group>"; };
		EA0000000000000000000032 /* Oncillascope.entitlements */ = {isa = PBXFileReference; lastKnownFileType = text.plist.entitlements; path = Oncillascope.entitlements; sourceTree = "<group>"; };
		EA0000000000000000000046 /* HelperProtocol.swift */ = {isa = PBXFileReference; lastKnownFileType = sourcecode.swift; path = HelperProtocol.swift; sourceTree = "<group>"; };
		EA0000000000000000000047 /* main.swift */ = {isa = PBXFileReference; lastKnownFileType = sourcecode.swift; path = main.swift; sourceTree = "<group>"; };
		EA0000000000000000000048 /* HelperService.swift */ = {isa = PBXFileReference; lastKnownFileType = sourcecode.swift; path = HelperService.swift; sourceTree = "<group>"; };
		EA0000000000000000000049 /* edu.davidson.oncillascope.helper.plist */ = {isa = PBXFileReference; lastKnownFileType = text.plist.xml; path = edu.davidson.oncillascope.helper.plist; sourceTree = "<group>"; };
		EA000000000000000000004A /* OncillascopeHelper */ = {isa = PBXFileReference; explicitFileType = "compiled.mach-o.executable"; includeInIndex = 0; path = OncillascopeHelper; sourceTree = BUILT_PRODUCTS_DIR; };
/* End PBXFileReference section */

/* Begin PBXFileSystemSynchronizedRootGroup section */
		EA0000000000000000000004 /* Oncillascope */ = {
			isa = PBXFileSystemSynchronizedRootGroup;
			path = Oncillascope;
			sourceTree = "<group>";
		};
/* End PBXFileSystemSynchronizedRootGroup section */

/* Begin PBXFrameworksBuildPhase section */
		EA0000000000000000000008 /* Frameworks */ = {
			isa = PBXFrameworksBuildPhase;
			buildActionMask = 2147483647;
			files = (
				EA0000000000000000000021 /* WiFiCore in Frameworks */,
				EA0000000000000000000022 /* WiFiModel in Frameworks */,
				EA0000000000000000000023 /* IEParser in Frameworks */,
				EA0000000000000000000024 /* WdutilBridge in Frameworks */,
				EA0000000000000000000025 /* OUIResolver in Frameworks */,
				EA0000000000000000000026 /* Telemetry in Frameworks */,
			);
			runOnlyForDeploymentPostprocessing = 0;
		};
/* End PBXFrameworksBuildPhase section */

/* Begin PBXGroup section */
		EA0000000000000000000002 = {
			isa = PBXGroup;
			children = (
				EA0000000000000000000004 /* Oncillascope */,
				EA000000000000000000004B /* Shared */,
				EA000000000000000000004C /* OncillascopeHelper */,
				EA0000000000000000000031 /* Info.plist */,
				EA0000000000000000000032 /* Oncillascope.entitlements */,
				EA0000000000000000000049 /* edu.davidson.oncillascope.helper.plist */,
				EA0000000000000000000003 /* Products */,
			);
			sourceTree = "<group>";
		};
		EA0000000000000000000003 /* Products */ = {
			isa = PBXGroup;
			children = (
				EA0000000000000000000006 /* Oncillascope.app */,
				EA000000000000000000004A /* OncillascopeHelper */,
			);
			name = Products;
			sourceTree = "<group>";
		};
		EA000000000000000000004B /* Shared */ = {
			isa = PBXGroup;
			children = (
				EA0000000000000000000046 /* HelperProtocol.swift */,
			);
			path = Shared;
			sourceTree = "<group>";
		};
		EA000000000000000000004C /* OncillascopeHelper */ = {
			isa = PBXGroup;
			children = (
				EA0000000000000000000047 /* main.swift */,
				EA0000000000000000000048 /* HelperService.swift */,
			);
			path = OncillascopeHelper;
			sourceTree = "<group>";
		};
/* End PBXGroup section */

/* Begin PBXNativeTarget section */
		EA0000000000000000000005 /* Oncillascope */ = {
			isa = PBXNativeTarget;
			buildConfigurationList = EA000000000000000000000B /* Build configuration list for PBXNativeTarget "Oncillascope" */;
			buildPhases = (
				EA0000000000000000000007 /* Sources */,
				EA0000000000000000000008 /* Frameworks */,
				EA0000000000000000000009 /* Resources */,
				EA0000000000000000000053 /* Embed Helper Daemon */,
				EA0000000000000000000054 /* Embed Launch Daemon plist */,
			);
			buildRules = (
			);
			dependencies = (
				EA0000000000000000000055 /* PBXTargetDependency */,
			);
			fileSystemSynchronizedGroups = (
				EA0000000000000000000004 /* Oncillascope */,
			);
			name = Oncillascope;
			packageProductDependencies = (
				EA0000000000000000000011 /* WiFiCore */,
				EA0000000000000000000012 /* WiFiModel */,
				EA0000000000000000000013 /* IEParser */,
				EA0000000000000000000014 /* WdutilBridge */,
				EA0000000000000000000015 /* OUIResolver */,
				EA0000000000000000000016 /* Telemetry */,
			);
			productName = Oncillascope;
			productReference = EA0000000000000000000006 /* Oncillascope.app */;
			productType = "com.apple.product-type.application";
		};
		EA000000000000000000004D /* OncillascopeHelper */ = {
			isa = PBXNativeTarget;
			buildConfigurationList = EA000000000000000000004E /* Build configuration list for PBXNativeTarget "OncillascopeHelper" */;
			buildPhases = (
				EA0000000000000000000051 /* Sources */,
			);
			buildRules = (
			);
			dependencies = (
			);
			name = OncillascopeHelper;
			packageProductDependencies = (
			);
			productName = OncillascopeHelper;
			productReference = EA000000000000000000004A /* OncillascopeHelper */;
			productType = "com.apple.product-type.tool";
		};
/* End PBXNativeTarget section */

/* Begin PBXContainerItemProxy section */
		EA0000000000000000000056 /* PBXContainerItemProxy */ = {
			isa = PBXContainerItemProxy;
			containerPortal = EA0000000000000000000001 /* Project object */;
			proxyType = 1;
			remoteGlobalIDString = EA000000000000000000004D;
			remoteInfo = OncillascopeHelper;
		};
/* End PBXContainerItemProxy section */

/* Begin PBXTargetDependency section */
		EA0000000000000000000055 /* PBXTargetDependency */ = {
			isa = PBXTargetDependency;
			target = EA000000000000000000004D /* OncillascopeHelper */;
			targetProxy = EA0000000000000000000056 /* PBXContainerItemProxy */;
		};
/* End PBXTargetDependency section */

/* Begin PBXProject section */
		EA0000000000000000000001 /* Project object */ = {
			isa = PBXProject;
			attributes = {
				BuildIndependentTargetsInParallel = 1;
				LastSwiftUpdateCheck = 2600;
				LastUpgradeCheck = 2600;
				TargetAttributes = {
					EA0000000000000000000005 = {
						CreatedOnToolsVersion = 26.0;
					};
					EA000000000000000000004D = {
						CreatedOnToolsVersion = 26.0;
					};
				};
			};
			buildConfigurationList = EA000000000000000000000A /* Build configuration list for PBXProject "Oncillascope" */;
			compatibilityVersion = "Xcode 15.0";
			developmentRegion = en;
			hasScannedForEncodings = 0;
			knownRegions = (
				en,
				Base,
			);
			mainGroup = EA0000000000000000000002;
			minimizedProjectReferenceProxies = 1;
			packageReferences = (
				EA0000000000000000000010 /* XCLocalSwiftPackageReference "WiFiAnalyzerKit" */,
			);
			preferredProjectObjectVersion = 77;
			productRefGroup = EA0000000000000000000003 /* Products */;
			projectDirPath = "";
			projectRoot = "";
			targets = (
				EA0000000000000000000005 /* Oncillascope */,
				EA000000000000000000004D /* OncillascopeHelper */,
			);
		};
/* End PBXProject section */

/* Begin PBXResourcesBuildPhase section */
		EA0000000000000000000009 /* Resources */ = {
			isa = PBXResourcesBuildPhase;
			buildActionMask = 2147483647;
			files = (
			);
			runOnlyForDeploymentPostprocessing = 0;
		};
/* End PBXResourcesBuildPhase section */

/* Begin PBXSourcesBuildPhase section */
		EA0000000000000000000007 /* Sources */ = {
			isa = PBXSourcesBuildPhase;
			buildActionMask = 2147483647;
			files = (
				EA0000000000000000000040 /* HelperProtocol.swift in Sources */,
			);
			runOnlyForDeploymentPostprocessing = 0;
		};
		EA0000000000000000000051 /* Sources */ = {
			isa = PBXSourcesBuildPhase;
			buildActionMask = 2147483647;
			files = (
				EA0000000000000000000041 /* HelperProtocol.swift in Sources */,
				EA0000000000000000000042 /* main.swift in Sources */,
				EA0000000000000000000043 /* HelperService.swift in Sources */,
			);
			runOnlyForDeploymentPostprocessing = 0;
		};
/* End PBXSourcesBuildPhase section */

/* Begin XCBuildConfiguration section */
		EA000000000000000000000C /* Debug */ = {
			isa = XCBuildConfiguration;
			buildSettings = {
				ALWAYS_SEARCH_USER_PATHS = NO;
				CLANG_ENABLE_MODULES = YES;
				CLANG_ENABLE_OBJC_ARC = YES;
				COPY_PHASE_STRIP = NO;
				DEBUG_INFORMATION_FORMAT = dwarf;
				ENABLE_STRICT_OBJC_MSGSEND = YES;
				ENABLE_TESTABILITY = YES;
				GCC_DYNAMIC_NO_PIC = NO;
				GCC_OPTIMIZATION_LEVEL = 0;
				GCC_PREPROCESSOR_DEFINITIONS = (
					"DEBUG=1",
					"$(inherited)",
				);
				MACOSX_DEPLOYMENT_TARGET = 14.0;
				ONLY_ACTIVE_ARCH = YES;
				SDKROOT = macosx;
				SWIFT_ACTIVE_COMPILATION_CONDITIONS = DEBUG;
				SWIFT_OPTIMIZATION_LEVEL = "-Onone";
			};
			name = Debug;
		};
		EA000000000000000000000D /* Release */ = {
			isa = XCBuildConfiguration;
			buildSettings = {
				ALWAYS_SEARCH_USER_PATHS = NO;
				CLANG_ENABLE_MODULES = YES;
				CLANG_ENABLE_OBJC_ARC = YES;
				COPY_PHASE_STRIP = NO;
				DEBUG_INFORMATION_FORMAT = "dwarf-with-dsym";
				ENABLE_NS_ASSERTIONS = NO;
				ENABLE_STRICT_OBJC_MSGSEND = YES;
				MACOSX_DEPLOYMENT_TARGET = 14.0;
				SDKROOT = macosx;
				SWIFT_COMPILATION_MODE = wholemodule;
				SWIFT_OPTIMIZATION_LEVEL = "-O";
			};
			name = Release;
		};
		EA000000000000000000000E /* Debug */ = {
			isa = XCBuildConfiguration;
			buildSettings = {
				ASSETCATALOG_COMPILER_GLOBAL_ACCENT_COLOR_NAME = AccentColor;
				ASSETCATALOG_COMPILER_APPICON_NAME = AppIcon;
				CODE_SIGN_ENTITLEMENTS = Oncillascope.entitlements;
				CODE_SIGN_IDENTITY = "-";
				CODE_SIGN_STYLE = Manual;
				COMBINE_HIDPI_IMAGES = YES;
				CURRENT_PROJECT_VERSION = 1;
				DEVELOPMENT_TEAM = "";
				ENABLE_HARDENED_RUNTIME = YES;
				ENABLE_PREVIEWS = YES;
				GENERATE_INFOPLIST_FILE = NO;
				INFOPLIST_FILE = Info.plist;
				LD_RUNPATH_SEARCH_PATHS = (
					"$(inherited)",
					"@executable_path/../Frameworks",
				);
				MARKETING_VERSION = 1.0;
				PRODUCT_BUNDLE_IDENTIFIER = edu.davidson.oncillascope;
				PRODUCT_NAME = "$(TARGET_NAME)";
				SWIFT_EMIT_LOC_STRINGS = YES;
				SWIFT_VERSION = 5.0;
			};
			name = Debug;
		};
		EA000000000000000000000F /* Release */ = {
			isa = XCBuildConfiguration;
			buildSettings = {
				ASSETCATALOG_COMPILER_GLOBAL_ACCENT_COLOR_NAME = AccentColor;
				ASSETCATALOG_COMPILER_APPICON_NAME = AppIcon;
				CODE_SIGN_ENTITLEMENTS = Oncillascope.entitlements;
				CODE_SIGN_IDENTITY = "-";
				CODE_SIGN_STYLE = Manual;
				COMBINE_HIDPI_IMAGES = YES;
				CURRENT_PROJECT_VERSION = 1;
				DEVELOPMENT_TEAM = "";
				ENABLE_HARDENED_RUNTIME = YES;
				ENABLE_PREVIEWS = YES;
				GENERATE_INFOPLIST_FILE = NO;
				INFOPLIST_FILE = Info.plist;
				LD_RUNPATH_SEARCH_PATHS = (
					"$(inherited)",
					"@executable_path/../Frameworks",
				);
				MARKETING_VERSION = 1.0;
				PRODUCT_BUNDLE_IDENTIFIER = edu.davidson.oncillascope;
				PRODUCT_NAME = "$(TARGET_NAME)";
				SWIFT_EMIT_LOC_STRINGS = YES;
				SWIFT_VERSION = 5.0;
			};
			name = Release;
		};
		EA000000000000000000004F /* Debug */ = {
			isa = XCBuildConfiguration;
			buildSettings = {
				CODE_SIGN_IDENTITY = "-";
				CODE_SIGN_STYLE = Manual;
				CREATE_INFOPLIST_SECTION_IN_BINARY = YES;
				CURRENT_PROJECT_VERSION = 1;
				DEVELOPMENT_TEAM = "";
				ENABLE_HARDENED_RUNTIME = YES;
				GENERATE_INFOPLIST_FILE = YES;
				INFOPLIST_KEY_CFBundleDisplayName = "Oncillascope Helper";
				MACOSX_DEPLOYMENT_TARGET = 14.0;
				MARKETING_VERSION = 1.0;
				PRODUCT_BUNDLE_IDENTIFIER = edu.davidson.oncillascope.helper;
				PRODUCT_NAME = "$(TARGET_NAME)";
				SDKROOT = macosx;
				SKIP_INSTALL = YES;
				SWIFT_VERSION = 5.0;
			};
			name = Debug;
		};
		EA0000000000000000000050 /* Release */ = {
			isa = XCBuildConfiguration;
			buildSettings = {
				CODE_SIGN_IDENTITY = "-";
				CODE_SIGN_STYLE = Manual;
				CREATE_INFOPLIST_SECTION_IN_BINARY = YES;
				CURRENT_PROJECT_VERSION = 1;
				DEVELOPMENT_TEAM = "";
				ENABLE_HARDENED_RUNTIME = YES;
				GENERATE_INFOPLIST_FILE = YES;
				INFOPLIST_KEY_CFBundleDisplayName = "Oncillascope Helper";
				MACOSX_DEPLOYMENT_TARGET = 14.0;
				MARKETING_VERSION = 1.0;
				PRODUCT_BUNDLE_IDENTIFIER = edu.davidson.oncillascope.helper;
				PRODUCT_NAME = "$(TARGET_NAME)";
				SDKROOT = macosx;
				SKIP_INSTALL = YES;
				SWIFT_VERSION = 5.0;
			};
			name = Release;
		};
/* End XCBuildConfiguration section */

/* Begin XCConfigurationList section */
		EA000000000000000000000A /* Build configuration list for PBXProject "Oncillascope" */ = {
			isa = XCConfigurationList;
			buildConfigurations = (
				EA000000000000000000000C /* Debug */,
				EA000000000000000000000D /* Release */,
			);
			defaultConfigurationIsVisible = 0;
			defaultConfigurationName = Release;
		};
		EA000000000000000000000B /* Build configuration list for PBXNativeTarget "Oncillascope" */ = {
			isa = XCConfigurationList;
			buildConfigurations = (
				EA000000000000000000000E /* Debug */,
				EA000000000000000000000F /* Release */,
			);
			defaultConfigurationIsVisible = 0;
			defaultConfigurationName = Release;
		};
		EA000000000000000000004E /* Build configuration list for PBXNativeTarget "OncillascopeHelper" */ = {
			isa = XCConfigurationList;
			buildConfigurations = (
				EA000000000000000000004F /* Debug */,
				EA0000000000000000000050 /* Release */,
			);
			defaultConfigurationIsVisible = 0;
			defaultConfigurationName = Release;
		};
/* End XCConfigurationList section */

/* Begin XCLocalSwiftPackageReference section */
		EA0000000000000000000010 /* XCLocalSwiftPackageReference "WiFiAnalyzerKit" */ = {
			isa = XCLocalSwiftPackageReference;
			relativePath = ..;
		};
/* End XCLocalSwiftPackageReference section */

/* Begin XCSwiftPackageProductDependency section */
		EA0000000000000000000011 /* WiFiCore */ = {
			isa = XCSwiftPackageProductDependency;
			package = EA0000000000000000000010 /* XCLocalSwiftPackageReference "WiFiAnalyzerKit" */;
			productName = WiFiCore;
		};
		EA0000000000000000000012 /* WiFiModel */ = {
			isa = XCSwiftPackageProductDependency;
			package = EA0000000000000000000010 /* XCLocalSwiftPackageReference "WiFiAnalyzerKit" */;
			productName = WiFiModel;
		};
		EA0000000000000000000013 /* IEParser */ = {
			isa = XCSwiftPackageProductDependency;
			package = EA0000000000000000000010 /* XCLocalSwiftPackageReference "WiFiAnalyzerKit" */;
			productName = IEParser;
		};
		EA0000000000000000000014 /* WdutilBridge */ = {
			isa = XCSwiftPackageProductDependency;
			package = EA0000000000000000000010 /* XCLocalSwiftPackageReference "WiFiAnalyzerKit" */;
			productName = WdutilBridge;
		};
		EA0000000000000000000015 /* OUIResolver */ = {
			isa = XCSwiftPackageProductDependency;
			package = EA0000000000000000000010 /* XCLocalSwiftPackageReference "WiFiAnalyzerKit" */;
			productName = OUIResolver;
		};
		EA0000000000000000000016 /* Telemetry */ = {
			isa = XCSwiftPackageProductDependency;
			package = EA0000000000000000000010 /* XCLocalSwiftPackageReference "WiFiAnalyzerKit" */;
			productName = Telemetry;
		};
/* End XCSwiftPackageProductDependency section */
	};
	rootObject = EA0000000000000000000001 /* Project object */;
}
